
Microsoft Visual Studio Solution File, Format Version 12.00
# Visual Studio Version 16
VisualStudioVersion = 16.0.28803.202
MinimumVisualStudioVersion = 10.0.40219.1
Project("{FAE04EC0-301F-11D3-BF4B-00C04F79EFBC}") = "WebApp2(09.06.219)", "WebApp2(09.06.219)\WebApp2(09.06.219).csproj", "{82626D79-2AD7-4173-96C5-09D7975B5B5E}"
EndProject
Global
	GlobalSection(SolutionConfigurationPlatforms) = preSolution
		Debug|Any CPU = Debug|Any CPU
		Release|Any CPU = Release|Any CPU
	EndGlobalSection
	GlobalSection(ProjectConfigurationPlatforms) = postSolution
		{82626D79-2AD7-4173-96C5-09D7975B5B5E}.Debug|Any CPU.ActiveCfg = Debug|Any CPU
		{82626D79-2AD7-4173-96C5-09D7975B5B5E}.Debug|Any CPU.Build.0 = Debug|Any CPU
		{82626D79-2AD7-4173-96C5-09D7975B5B5E}.Release|Any CPU.ActiveCfg = Release|Any CPU
		{82626D79-2AD7-4173-96C5-09D7975B5B5E}.Release|Any CPU.Build.0 = Release|Any CPU
	EndGlobalSection
	GlobalSection(SolutionProperties) = preSolution
		HideSolutionNode = FALSE
	EndGlobalSection
	GlobalSection(ExtensibilityGlobals) = postSolution
		SolutionGuid = {300CF160-7D8B-4F1A-8DA7-41AF9BB5263A}
	EndGlobalSection
EndGlobal
