
Microsoft Visual Studio Solution File, Format Version 12.00
# Visual Studio Version 16
VisualStudioVersion = 16.0.28803.202
MinimumVisualStudioVersion = 10.0.40219.1
Project("{FAE04EC0-301F-11D3-BF4B-00C04F79EFBC}") = "WebApp3(09.06.2019)", "WebApp3(09.06.2019)\WebApp3(09.06.2019).csproj", "{1CC8BB6A-803A-422C-AB33-5C1F634CE0DB}"
EndProject
Global
	GlobalSection(SolutionConfigurationPlatforms) = preSolution
		Debug|Any CPU = Debug|Any CPU
		Release|Any CPU = Release|Any CPU
	EndGlobalSection
	GlobalSection(ProjectConfigurationPlatforms) = postSolution
		{1CC8BB6A-803A-422C-AB33-5C1F634CE0DB}.Debug|Any CPU.ActiveCfg = Debug|Any CPU
		{1CC8BB6A-803A-422C-AB33-5C1F634CE0DB}.Debug|Any CPU.Build.0 = Debug|Any CPU
		{1CC8BB6A-803A-422C-AB33-5C1F634CE0DB}.Release|Any CPU.ActiveCfg = Release|Any CPU
		{1CC8BB6A-803A-422C-AB33-5C1F634CE0DB}.Release|Any CPU.Build.0 = Release|Any CPU
	EndGlobalSection
	GlobalSection(SolutionProperties) = preSolution
		HideSolutionNode = FALSE
	EndGlobalSection
	GlobalSection(ExtensibilityGlobals) = postSolution
		SolutionGuid = {76653F6D-A539-4544-BE51-5A770D200C78}
	EndGlobalSection
EndGlobal
